PODS:
  - AFNetworking (4.0.1):
    - AFNetworking/NSURLSession (= 4.0.1)
    - AFNetworking/Reachability (= 4.0.1)
    - AFNetworking/Security (= 4.0.1)
    - AFNetworking/Serialization (= 4.0.1)
    - AFNetworking/UIKit (= 4.0.1)
  - CocoaAsyncSocket (7.6.5)
  - CocoaHTTPServer (2.3):
    - CocoaAsyncSocket
    - CocoaLumberjack
  - CocoaLumberjack (3.7.0):
    - CocoaLumberjack/Core (= 3.7.0)
  - Masonry (1.1.0)
  - MJExtension (3.2.2)
  - Objective-C-HMTL-Parser (0.0.1)
  - ReactiveCocoa (2.5):
    - ReactiveCocoa/UI (= 2.5)
  - ReactiveCocoa/Core (2.5):
    - ReactiveCocoa/no-arc
  - ReactiveCocoa/no-arc (2.5)
  - ReactiveCocoa/UI (2.5):
    - ReactiveCocoa/Core
  - SDWebImage (5.10.2):
    - SDWebImage/Core (= 5.10.2)

DEPENDENCIES:
  - AFNetworking
  - CocoaHTTPServer
  - Masonry
  - MJExtension
  - Objective-C-HMTL-Parser
  - ReactiveCocoa (~> 2.5)
  - SDWebImage

SPEC REPOS:
  trunk:
    - AFNetworking
    - CocoaAsyncSocket
    - CocoaHTTPServer
    - CocoaLumberjack
    - Masonry
    - MJExtension
    - Objective-C-HMTL-Parser
    - ReactiveCocoa
    - SDWebImage

SPEC CHECKSUMS:
  AFNetworking: 7864c38297c79aaca1500c33288e429c3451fdce
  CocoaAsyncSocket: 065fd1e645c7abab64f7a6a2007a48038fdc6a99
  CocoaHTTPServer: 5624681fc3473d43b18202f635f9b3abb013b530
  CocoaLumberjack: e8955b9d337ac307103b0a34fd141c32f27e53c5
  Masonry: 678fab65091a9290e40e2832a55e7ab731aad201
  MJExtension: d9b9c74cbdeb724c1e9ecbb157b318276e62e876
  Objective-C-HMTL-Parser: cc468311d0ae434646c56aae3b62426977f19ca0
  ReactiveCocoa: e2db045570aa97c695e7aa97c2bcab222ae51f4a
  SDWebImage: b969dcfc02c40a5da71eac0b03b8f1a0c794a86f

PODFILE CHECKSUM: 4614342613aa34e12042df554f24312d2270e639

COCOAPODS: 1.10.0
