// !$*UTF8*$!
{
	archiveVersion = 1;
	classes = {
	};
	objectVersion = 50;
	objects = {

/* Begin PBXBuildFile section */
		AA348ADA25AD5FDC009A5AD8 /* AppDelegate.m in Sources */ = {isa = PBXBuildFile; fileRef = AA348AD925AD5FDC009A5AD8 /* AppDelegate.m */; };
		AA348ADC25AD5FDE009A5AD8 /* Assets.xcassets in Resources */ = {isa = PBXBuildFile; fileRef = AA348ADB25AD5FDE009A5AD8 /* Assets.xcassets */; };
		AA348ADF25AD5FDE009A5AD8 /* MainMenu.xib in Resources */ = {isa = PBXBuildFile; fileRef = AA348ADD25AD5FDE009A5AD8 /* MainMenu.xib */; };
		AA348AE225AD5FDE009A5AD8 /* main.m in Sources */ = {isa = PBXBuildFile; fileRef = AA348AE125AD5FDE009A5AD8 /* main.m */; };
		AA348AFD25AD622B009A5AD8 /* FrontModel.m in Sources */ = {isa = PBXBuildFile; fileRef = AA348AF825AD622B009A5AD8 /* FrontModel.m */; };
		AAD1735225B1AAE10078C687 /* VideoPlayer.m in Sources */ = {isa = PBXBuildFile; fileRef = AAD1735125B1AAE10078C687 /* VideoPlayer.m */; };
		AAD1736C25B1C1670078C687 /* NSColor+Hexa.m in Sources */ = {isa = PBXBuildFile; fileRef = AAD1736625B1C1670078C687 /* NSColor+Hexa.m */; };
		AAD1736D25B1C1670078C687 /* CustomSliderCell.m in Sources */ = {isa = PBXBuildFile; fileRef = AAD1736A25B1C1670078C687 /* CustomSliderCell.m */; };
		AAD1736E25B1C1670078C687 /* CustomSlider.m in Sources */ = {isa = PBXBuildFile; fileRef = AAD1736B25B1C1670078C687 /* CustomSlider.m */; };
		AAD1737425B1EBE10078C687 /* TVSeriesView.m in Sources */ = {isa = PBXBuildFile; fileRef = AAD1737325B1EBE10078C687 /* TVSeriesView.m */; };
		AAD5B9A825B681D500CC3DA7 /* VideoOptionView.m in Sources */ = {isa = PBXBuildFile; fileRef = AAD5B9A725B681D500CC3DA7 /* VideoOptionView.m */; };
		D0EA5B62C9FD868C3B111756 /* libPods-LiveTV.a in Frameworks */ = {isa = PBXBuildFile; fileRef = 75DD85D2F4A7AC82B21C1E47 /* libPods-LiveTV.a */; };
/* End PBXBuildFile section */

/* Begin PBXFileReference section */
		61CC4F8B4909E14594D59B59 /* Pods-LiveTV.release.xcconfig */ = {isa = PBXFileReference; includeInIndex = 1; lastKnownFileType = text.xcconfig; name = "Pods-LiveTV.release.xcconfig"; path = "Target Support Files/Pods-LiveTV/Pods-LiveTV.release.xcconfig"; sourceTree = "<group>"; };
		75DD85D2F4A7AC82B21C1E47 /* libPods-LiveTV.a */ = {isa = PBXFileReference; explicitFileType = archive.ar; includeInIndex = 0; path = "libPods-LiveTV.a"; sourceTree = BUILT_PRODUCTS_DIR; };
		A5A68310BC329608100A8F45 /* Pods-LiveTV.debug.xcconfig */ = {isa = PBXFileReference; includeInIndex = 1; lastKnownFileType = text.xcconfig; name = "Pods-LiveTV.debug.xcconfig"; path = "Target Support Files/Pods-LiveTV/Pods-LiveTV.debug.xcconfig"; sourceTree = "<group>"; };
		AA348AD525AD5FDC009A5AD8 /* LiveTV.app */ = {isa = PBXFileReference; explicitFileType = wrapper.application; includeInIndex = 0; path = LiveTV.app; sourceTree = BUILT_PRODUCTS_DIR; };
		AA348AD825AD5FDC009A5AD8 /* AppDelegate.h */ = {isa = PBXFileReference; lastKnownFileType = sourcecode.c.h; path = AppDelegate.h; sourceTree = "<group>"; };
		AA348AD925AD5FDC009A5AD8 /* AppDelegate.m */ = {isa = PBXFileReference; lastKnownFileType = sourcecode.c.objc; path = AppDelegate.m; sourceTree = "<group>"; };
		AA348ADB25AD5FDE009A5AD8 /* Assets.xcassets */ = {isa = PBXFileReference; lastKnownFileType = folder.assetcatalog; path = Assets.xcassets; sourceTree = "<group>"; };
		AA348ADE25AD5FDE009A5AD8 /* Base */ = {isa = PBXFileReference; lastKnownFileType = file.xib; name = Base; path = Base.lproj/MainMenu.xib; sourceTree = "<group>"; };
		AA348AE025AD5FDE009A5AD8 /* Info.plist */ = {isa = PBXFileReference; lastKnownFileType = text.plist.xml; path = Info.plist; sourceTree = "<group>"; };
		AA348AE125AD5FDE009A5AD8 /* main.m */ = {isa = PBXFileReference; lastKnownFileType = sourcecode.c.objc; path = main.m; sourceTree = "<group>"; };
		AA348AE325AD5FDE009A5AD8 /* LiveTV.entitlements */ = {isa = PBXFileReference; lastKnownFileType = text.plist.entitlements; path = LiveTV.entitlements; sourceTree = "<group>"; };
		AA348AF825AD622B009A5AD8 /* FrontModel.m */ = {isa = PBXFileReference; fileEncoding = 4; lastKnownFileType = sourcecode.c.objc; path = FrontModel.m; sourceTree = "<group>"; };
		AA348AFB25AD622B009A5AD8 /* FrontModel.h */ = {isa = PBXFileReference; fileEncoding = 4; lastKnownFileType = sourcecode.c.h; path = FrontModel.h; sourceTree = "<group>"; };
		AAD1735025B1AAE10078C687 /* VideoPlayer.h */ = {isa = PBXFileReference; lastKnownFileType = sourcecode.c.h; path = VideoPlayer.h; sourceTree = "<group>"; };
		AAD1735125B1AAE10078C687 /* VideoPlayer.m */ = {isa = PBXFileReference; lastKnownFileType = sourcecode.c.objc; path = VideoPlayer.m; sourceTree = "<group>"; };
		AAD1736625B1C1670078C687 /* NSColor+Hexa.m */ = {isa = PBXFileReference; fileEncoding = 4; lastKnownFileType = sourcecode.c.objc; path = "NSColor+Hexa.m"; sourceTree = "<group>"; };
		AAD1736725B1C1670078C687 /* CustomSliderCell.h */ = {isa = PBXFileReference; fileEncoding = 4; lastKnownFileType = sourcecode.c.h; path = CustomSliderCell.h; sourceTree = "<group>"; };
		AAD1736825B1C1670078C687 /* CustomSlider.h */ = {isa = PBXFileReference; fileEncoding = 4; lastKnownFileType = sourcecode.c.h; path = CustomSlider.h; sourceTree = "<group>"; };
		AAD1736925B1C1670078C687 /* NSColor+Hexa.h */ = {isa = PBXFileReference; fileEncoding = 4; lastKnownFileType = sourcecode.c.h; path = "NSColor+Hexa.h"; sourceTree = "<group>"; };
		AAD1736A25B1C1670078C687 /* CustomSliderCell.m */ = {isa = PBXFileReference; fileEncoding = 4; lastKnownFileType = sourcecode.c.objc; path = CustomSliderCell.m; sourceTree = "<group>"; };
		AAD1736B25B1C1670078C687 /* CustomSlider.m */ = {isa = PBXFileReference; fileEncoding = 4; lastKnownFileType = sourcecode.c.objc; path = CustomSlider.m; sourceTree = "<group>"; };
		AAD1737225B1EBE10078C687 /* TVSeriesView.h */ = {isa = PBXFileReference; lastKnownFileType = sourcecode.c.h; path = TVSeriesView.h; sourceTree = "<group>"; };
		AAD1737325B1EBE10078C687 /* TVSeriesView.m */ = {isa = PBXFileReference; lastKnownFileType = sourcecode.c.objc; path = TVSeriesView.m; sourceTree = "<group>"; };
		AAD5B9A625B681D500CC3DA7 /* VideoOptionView.h */ = {isa = PBXFileReference; lastKnownFileType = sourcecode.c.h; path = VideoOptionView.h; sourceTree = "<group>"; };
		AAD5B9A725B681D500CC3DA7 /* VideoOptionView.m */ = {isa = PBXFileReference; lastKnownFileType = sourcecode.c.objc; path = VideoOptionView.m; sourceTree = "<group>"; };
/* End PBXFileReference section */

/* Begin PBXFrameworksBuildPhase section */
		AA348AD225AD5FDC009A5AD8 /* Frameworks */ = {
			isa = PBXFrameworksBuildPhase;
			buildActionMask = 2147483647;
			files = (
				D0EA5B62C9FD868C3B111756 /* libPods-LiveTV.a in Frameworks */,
			);
			runOnlyForDeploymentPostprocessing = 0;
		};
/* End PBXFrameworksBuildPhase section */

/* Begin PBXGroup section */
		08BD81BFB58D727D60CC76C7 /* Pods */ = {
			isa = PBXGroup;
			children = (
				A5A68310BC329608100A8F45 /* Pods-LiveTV.debug.xcconfig */,
				61CC4F8B4909E14594D59B59 /* Pods-LiveTV.release.xcconfig */,
			);
			path = Pods;
			sourceTree = "<group>";
		};
		A1A7B802B87BB94DA366A0F9 /* Frameworks */ = {
			isa = PBXGroup;
			children = (
				75DD85D2F4A7AC82B21C1E47 /* libPods-LiveTV.a */,
			);
			name = Frameworks;
			sourceTree = "<group>";
		};
		AA348ACC25AD5FDC009A5AD8 = {
			isa = PBXGroup;
			children = (
				AA348AD725AD5FDC009A5AD8 /* LiveTV */,
				AA348AD625AD5FDC009A5AD8 /* Products */,
				08BD81BFB58D727D60CC76C7 /* Pods */,
				A1A7B802B87BB94DA366A0F9 /* Frameworks */,
			);
			sourceTree = "<group>";
		};
		AA348AD625AD5FDC009A5AD8 /* Products */ = {
			isa = PBXGroup;
			children = (
				AA348AD525AD5FDC009A5AD8 /* LiveTV.app */,
			);
			name = Products;
			sourceTree = "<group>";
		};
		AA348AD725AD5FDC009A5AD8 /* LiveTV */ = {
			isa = PBXGroup;
			children = (
				AAD1736525B1C1670078C687 /* CustomSlider */,
				AA348B5825B15814009A5AD8 /* NetReq */,
				AA348B5725B1580A009A5AD8 /* UI */,
				AA348ADB25AD5FDE009A5AD8 /* Assets.xcassets */,
				AA348ADD25AD5FDE009A5AD8 /* MainMenu.xib */,
				AA348AE025AD5FDE009A5AD8 /* Info.plist */,
				AA348AE125AD5FDE009A5AD8 /* main.m */,
				AA348AE325AD5FDE009A5AD8 /* LiveTV.entitlements */,
			);
			path = LiveTV;
			sourceTree = "<group>";
		};
		AA348B5725B1580A009A5AD8 /* UI */ = {
			isa = PBXGroup;
			children = (
				AA348AD825AD5FDC009A5AD8 /* AppDelegate.h */,
				AA348AD925AD5FDC009A5AD8 /* AppDelegate.m */,
				AAD1735025B1AAE10078C687 /* VideoPlayer.h */,
				AAD1735125B1AAE10078C687 /* VideoPlayer.m */,
				AAD5B9A625B681D500CC3DA7 /* VideoOptionView.h */,
				AAD5B9A725B681D500CC3DA7 /* VideoOptionView.m */,
				AAD1737225B1EBE10078C687 /* TVSeriesView.h */,
				AAD1737325B1EBE10078C687 /* TVSeriesView.m */,
			);
			path = UI;
			sourceTree = "<group>";
		};
		AA348B5825B15814009A5AD8 /* NetReq */ = {
			isa = PBXGroup;
			children = (
				AA348AFB25AD622B009A5AD8 /* FrontModel.h */,
				AA348AF825AD622B009A5AD8 /* FrontModel.m */,
			);
			path = NetReq;
			sourceTree = "<group>";
		};
		AAD1736525B1C1670078C687 /* CustomSlider */ = {
			isa = PBXGroup;
			children = (
				AAD1736925B1C1670078C687 /* NSColor+Hexa.h */,
				AAD1736625B1C1670078C687 /* NSColor+Hexa.m */,
				AAD1736725B1C1670078C687 /* CustomSliderCell.h */,
				AAD1736A25B1C1670078C687 /* CustomSliderCell.m */,
				AAD1736825B1C1670078C687 /* CustomSlider.h */,
				AAD1736B25B1C1670078C687 /* CustomSlider.m */,
			);
			path = CustomSlider;
			sourceTree = "<group>";
		};
/* End PBXGroup section */

/* Begin PBXNativeTarget section */
		AA348AD425AD5FDC009A5AD8 /* LiveTV */ = {
			isa = PBXNativeTarget;
			buildConfigurationList = AA348AE625AD5FDE009A5AD8 /* Build configuration list for PBXNativeTarget "LiveTV" */;
			buildPhases = (
				4FF803CFE86D79ECEE25A706 /* [CP] Check Pods Manifest.lock */,
				AA348AD125AD5FDC009A5AD8 /* Sources */,
				AA348AD225AD5FDC009A5AD8 /* Frameworks */,
				AA348AD325AD5FDC009A5AD8 /* Resources */,
			);
			buildRules = (
			);
			dependencies = (
			);
			name = LiveTV;
			productName = LiveTV;
			productReference = AA348AD525AD5FDC009A5AD8 /* LiveTV.app */;
			productType = "com.apple.product-type.application";
		};
/* End PBXNativeTarget section */

/* Begin PBXProject section */
		AA348ACD25AD5FDC009A5AD8 /* Project object */ = {
			isa = PBXProject;
			attributes = {
				LastUpgradeCheck = 1230;
				TargetAttributes = {
					AA348AD425AD5FDC009A5AD8 = {
						CreatedOnToolsVersion = 12.3;
					};
				};
			};
			buildConfigurationList = AA348AD025AD5FDC009A5AD8 /* Build configuration list for PBXProject "LiveTV" */;
			compatibilityVersion = "Xcode 9.3";
			developmentRegion = en;
			hasScannedForEncodings = 0;
			knownRegions = (
				en,
				Base,
			);
			mainGroup = AA348ACC25AD5FDC009A5AD8;
			productRefGroup = AA348AD625AD5FDC009A5AD8 /* Products */;
			projectDirPath = "";
			projectRoot = "";
			targets = (
				AA348AD425AD5FDC009A5AD8 /* LiveTV */,
			);
		};
/* End PBXProject section */

/* Begin PBXResourcesBuildPhase section */
		AA348AD325AD5FDC009A5AD8 /* Resources */ = {
			isa = PBXResourcesBuildPhase;
			buildActionMask = 2147483647;
			files = (
				AA348ADC25AD5FDE009A5AD8 /* Assets.xcassets in Resources */,
				AA348ADF25AD5FDE009A5AD8 /* MainMenu.xib in Resources */,
			);
			runOnlyForDeploymentPostprocessing = 0;
		};
/* End PBXResourcesBuildPhase section */

/* Begin PBXShellScriptBuildPhase section */
		4FF803CFE86D79ECEE25A706 /* [CP] Check Pods Manifest.lock */ = {
			isa = PBXShellScriptBuildPhase;
			buildActionMask = 2147483647;
			files = (
			);
			inputFileListPaths = (
			);
			inputPaths = (
				"${PODS_PODFILE_DIR_PATH}/Podfile.lock",
				"${PODS_ROOT}/Manifest.lock",
			);
			name = "[CP] Check Pods Manifest.lock";
			outputFileListPaths = (
			);
			outputPaths = (
				"$(DERIVED_FILE_DIR)/Pods-LiveTV-checkManifestLockResult.txt",
			);
			runOnlyForDeploymentPostprocessing = 0;
			shellPath = /bin/sh;
			shellScript = "diff \"${PODS_PODFILE_DIR_PATH}/Podfile.lock\" \"${PODS_ROOT}/Manifest.lock\" > /dev/null\nif [ $? != 0 ] ; then\n    # print error to STDERR\n    echo \"error: The sandbox is not in sync with the Podfile.lock. Run 'pod install' or update your CocoaPods installation.\" >&2\n    exit 1\nfi\n# This output is used by Xcode 'outputs' to avoid re-running this script phase.\necho \"SUCCESS\" > \"${SCRIPT_OUTPUT_FILE_0}\"\n";
			showEnvVarsInLog = 0;
		};
/* End PBXShellScriptBuildPhase section */

/* Begin PBXSourcesBuildPhase section */
		AA348AD125AD5FDC009A5AD8 /* Sources */ = {
			isa = PBXSourcesBuildPhase;
			buildActionMask = 2147483647;
			files = (
				AAD1735225B1AAE10078C687 /* VideoPlayer.m in Sources */,
				AAD1737425B1EBE10078C687 /* TVSeriesView.m in Sources */,
				AA348AFD25AD622B009A5AD8 /* FrontModel.m in Sources */,
				AAD1736C25B1C1670078C687 /* NSColor+Hexa.m in Sources */,
				AAD1736E25B1C1670078C687 /* CustomSlider.m in Sources */,
				AA348AE225AD5FDE009A5AD8 /* main.m in Sources */,
				AA348ADA25AD5FDC009A5AD8 /* AppDelegate.m in Sources */,
				AAD1736D25B1C1670078C687 /* CustomSliderCell.m in Sources */,
				AAD5B9A825B681D500CC3DA7 /* VideoOptionView.m in Sources */,
			);
			runOnlyForDeploymentPostprocessing = 0;
		};
/* End PBXSourcesBuildPhase section */

/* Begin PBXVariantGroup section */
		AA348ADD25AD5FDE009A5AD8 /* MainMenu.xib */ = {
			isa = PBXVariantGroup;
			children = (
				AA348ADE25AD5FDE009A5AD8 /* Base */,
			);
			name = MainMenu.xib;
			sourceTree = "<group>";
		};
/* End PBXVariantGroup section */

/* Begin XCBuildConfiguration section */
		AA348AE425AD5FDE009A5AD8 /* Debug */ = {
			isa = XCBuildConfiguration;
			buildSettings = {
				ALWAYS_SEARCH_USER_PATHS = NO;
				CLANG_ANALYZER_NONNULL = YES;
				CLANG_ANALYZER_NUMBER_OBJECT_CONVERSION = YES_AGGRESSIVE;
				CLANG_CXX_LANGUAGE_STANDARD = "gnu++14";
				CLANG_CXX_LIBRARY = "libc++";
				CLANG_ENABLE_MODULES = YES;
				CLANG_ENABLE_OBJC_ARC = YES;
				CLANG_ENABLE_OBJC_WEAK = YES;
				CLANG_WARN_BLOCK_CAPTURE_AUTORELEASING = YES;
				CLANG_WARN_BOOL_CONVERSION = YES;
				CLANG_WARN_COMMA = YES;
				CLANG_WARN_CONSTANT_CONVERSION = YES;
				CLANG_WARN_DEPRECATED_OBJC_IMPLEMENTATIONS = YES;
				CLANG_WARN_DIRECT_OBJC_ISA_USAGE = YES_ERROR;
				CLANG_WARN_DOCUMENTATION_COMMENTS = YES;
				CLANG_WARN_EMPTY_BODY = YES;
				CLANG_WARN_ENUM_CONVERSION = YES;
				CLANG_WARN_INFINITE_RECURSION = YES;
				CLANG_WARN_INT_CONVERSION = YES;
				CLANG_WARN_NON_LITERAL_NULL_CONVERSION = YES;
				CLANG_WARN_OBJC_IMPLICIT_RETAIN_SELF = YES;
				CLANG_WARN_OBJC_LITERAL_CONVERSION = YES;
				CLANG_WARN_OBJC_ROOT_CLASS = YES_ERROR;
				CLANG_WARN_QUOTED_INCLUDE_IN_FRAMEWORK_HEADER = YES;
				CLANG_WARN_RANGE_LOOP_ANALYSIS = YES;
				CLANG_WARN_STRICT_PROTOTYPES = YES;
				CLANG_WARN_SUSPICIOUS_MOVE = YES;
				CLANG_WARN_UNGUARDED_AVAILABILITY = YES_AGGRESSIVE;
				CLANG_WARN_UNREACHABLE_CODE = YES;
				CLANG_WARN__DUPLICATE_METHOD_MATCH = YES;
				COPY_PHASE_STRIP = NO;
				DEBUG_INFORMATION_FORMAT = dwarf;
				ENABLE_STRICT_OBJC_MSGSEND = YES;
				ENABLE_TESTABILITY = YES;
				GCC_C_LANGUAGE_STANDARD = gnu11;
				GCC_DYNAMIC_NO_PIC = NO;
				GCC_NO_COMMON_BLOCKS = YES;
				GCC_OPTIMIZATION_LEVEL = 0;
				GCC_PREPROCESSOR_DEFINITIONS = (
					"DEBUG=1",
					"$(inherited)",
				);
				GCC_WARN_64_TO_32_BIT_CONVERSION = YES;
				GCC_WARN_ABOUT_RETURN_TYPE = YES_ERROR;
				GCC_WARN_UNDECLARED_SELECTOR = YES;
				GCC_WARN_UNINITIALIZED_AUTOS = YES_AGGRESSIVE;
				GCC_WARN_UNUSED_FUNCTION = YES;
				GCC_WARN_UNUSED_VARIABLE = YES;
				MACOSX_DEPLOYMENT_TARGET = 11.1;
				MTL_ENABLE_DEBUG_INFO = INCLUDE_SOURCE;
				MTL_FAST_MATH = YES;
				ONLY_ACTIVE_ARCH = YES;
				SDKROOT = macosx;
			};
			name = Debug;
		};
		AA348AE525AD5FDE009A5AD8 /* Release */ = {
			isa = XCBuildConfiguration;
			buildSettings = {
				ALWAYS_SEARCH_USER_PATHS = NO;
				CLANG_ANALYZER_NONNULL = YES;
				CLANG_ANALYZER_NUMBER_OBJECT_CONVERSION = YES_AGGRESSIVE;
				CLANG_CXX_LANGUAGE_STANDARD = "gnu++14";
				CLANG_CXX_LIBRARY = "libc++";
				CLANG_ENABLE_MODULES = YES;
				CLANG_ENABLE_OBJC_ARC = YES;
				CLANG_ENABLE_OBJC_WEAK = YES;
				CLANG_WARN_BLOCK_CAPTURE_AUTORELEASING = YES;
				CLANG_WARN_BOOL_CONVERSION = YES;
				CLANG_WARN_COMMA = YES;
				CLANG_WARN_CONSTANT_CONVERSION = YES;
				CLANG_WARN_DEPRECATED_OBJC_IMPLEMENTATIONS = YES;
				CLANG_WARN_DIRECT_OBJC_ISA_USAGE = YES_ERROR;
				CLANG_WARN_DOCUMENTATION_COMMENTS = YES;
				CLANG_WARN_EMPTY_BODY = YES;
				CLANG_WARN_ENUM_CONVERSION = YES;
				CLANG_WARN_INFINITE_RECURSION = YES;
				CLANG_WARN_INT_CONVERSION = YES;
				CLANG_WARN_NON_LITERAL_NULL_CONVERSION = YES;
				CLANG_WARN_OBJC_IMPLICIT_RETAIN_SELF = YES;
				CLANG_WARN_OBJC_LITERAL_CONVERSION = YES;
				CLANG_WARN_OBJC_ROOT_CLASS = YES_ERROR;
				CLANG_WARN_QUOTED_INCLUDE_IN_FRAMEWORK_HEADER = YES;
				CLANG_WARN_RANGE_LOOP_ANALYSIS = YES;
				CLANG_WARN_STRICT_PROTOTYPES = YES;
				CLANG_WARN_SUSPICIOUS_MOVE = YES;
				CLANG_WARN_UNGUARDED_AVAILABILITY = YES_AGGRESSIVE;
				CLANG_WARN_UNREACHABLE_CODE = YES;
				CLANG_WARN__DUPLICATE_METHOD_MATCH = YES;
				COPY_PHASE_STRIP = NO;
				DEBUG_INFORMATION_FORMAT = "dwarf-with-dsym";
				ENABLE_NS_ASSERTIONS = NO;
				ENABLE_STRICT_OBJC_MSGSEND = YES;
				GCC_C_LANGUAGE_STANDARD = gnu11;
				GCC_NO_COMMON_BLOCKS = YES;
				GCC_WARN_64_TO_32_BIT_CONVERSION = YES;
				GCC_WARN_ABOUT_RETURN_TYPE = YES_ERROR;
				GCC_WARN_UNDECLARED_SELECTOR = YES;
				GCC_WARN_UNINITIALIZED_AUTOS = YES_AGGRESSIVE;
				GCC_WARN_UNUSED_FUNCTION = YES;
				GCC_WARN_UNUSED_VARIABLE = YES;
				MACOSX_DEPLOYMENT_TARGET = 11.1;
				MTL_ENABLE_DEBUG_INFO = NO;
				MTL_FAST_MATH = YES;
				SDKROOT = macosx;
			};
			name = Release;
		};
		AA348AE725AD5FDE009A5AD8 /* Debug */ = {
			isa = XCBuildConfiguration;
			baseConfigurationReference = A5A68310BC329608100A8F45 /* Pods-LiveTV.debug.xcconfig */;
			buildSettings = {
				ASSETCATALOG_COMPILER_APPICON_NAME = AppIcon;
				ASSETCATALOG_COMPILER_GLOBAL_ACCENT_COLOR_NAME = AccentColor;
				CODE_SIGN_ENTITLEMENTS = LiveTV/LiveTV.entitlements;
				CODE_SIGN_STYLE = Automatic;
				COMBINE_HIDPI_IMAGES = YES;
				DEVELOPMENT_TEAM = U96Y6G4AUX;
				ENABLE_HARDENED_RUNTIME = YES;
				INFOPLIST_FILE = LiveTV/Info.plist;
				LD_RUNPATH_SEARCH_PATHS = (
					"$(inherited)",
					"@executable_path/../Frameworks",
				);
				PRODUCT_BUNDLE_IDENTIFIER = xxx.LiveTV;
				PRODUCT_NAME = "$(TARGET_NAME)";
			};
			name = Debug;
		};
		AA348AE825AD5FDE009A5AD8 /* Release */ = {
			isa = XCBuildConfiguration;
			baseConfigurationReference = 61CC4F8B4909E14594D59B59 /* Pods-LiveTV.release.xcconfig */;
			buildSettings = {
				ASSETCATALOG_COMPILER_APPICON_NAME = AppIcon;
				ASSETCATALOG_COMPILER_GLOBAL_ACCENT_COLOR_NAME = AccentColor;
				CODE_SIGN_ENTITLEMENTS = LiveTV/LiveTV.entitlements;
				CODE_SIGN_STYLE = Automatic;
				COMBINE_HIDPI_IMAGES = YES;
				DEVELOPMENT_TEAM = U96Y6G4AUX;
				ENABLE_HARDENED_RUNTIME = YES;
				INFOPLIST_FILE = LiveTV/Info.plist;
				LD_RUNPATH_SEARCH_PATHS = (
					"$(inherited)",
					"@executable_path/../Frameworks",
				);
				PRODUCT_BUNDLE_IDENTIFIER = xxx.LiveTV;
				PRODUCT_NAME = "$(TARGET_NAME)";
			};
			name = Release;
		};
/* End XCBuildConfiguration section */

/* Begin XCConfigurationList section */
		AA348AD025AD5FDC009A5AD8 /* Build configuration list for PBXProject "LiveTV" */ = {
			isa = XCConfigurationList;
			buildConfigurations = (
				AA348AE425AD5FDE009A5AD8 /* Debug */,
				AA348AE525AD5FDE009A5AD8 /* Release */,
			);
			defaultConfigurationIsVisible = 0;
			defaultConfigurationName = Release;
		};
		AA348AE625AD5FDE009A5AD8 /* Build configuration list for PBXNativeTarget "LiveTV" */ = {
			isa = XCConfigurationList;
			buildConfigurations = (
				AA348AE725AD5FDE009A5AD8 /* Debug */,
				AA348AE825AD5FDE009A5AD8 /* Release */,
			);
			defaultConfigurationIsVisible = 0;
			defaultConfigurationName = Release;
		};
/* End XCConfigurationList section */
	};
	rootObject = AA348ACD25AD5FDC009A5AD8 /* Project object */;
}
